// !$*UTF8*$!
{
	archiveVersion = 1;
	classes = {
	};
	objectVersion = 50;
	objects = {

/* Begin PBXBuildFile section */
		63213B53273F8C52001FDA5F /* SearchViewController.swift in Sources */ = {isa = PBXBuildFile; fileRef = 63213B52273F8C52001FDA5F /* SearchViewController.swift */; };
		63213B55273F8CA7001FDA5F /* AddNewTripViewController.swift in Sources */ = {isa = PBXBuildFile; fileRef = 63213B54273F8CA7001FDA5F /* AddNewTripViewController.swift */; };
		63213B57273F8E86001FDA5F /* TrackSpendingViewController.swift in Sources */ = {isa = PBXBuildFile; fileRef = 63213B56273F8E86001FDA5F /* TrackSpendingViewController.swift */; };
		63213B5A273F8F41001FDA5F /* SettingViewController.swift in Sources */ = {isa = PBXBuildFile; fileRef = 63213B59273F8F41001FDA5F /* SettingViewController.swift */; };
		63213B5E273FA01D001FDA5F /* TabBarViewController.swift in Sources */ = {isa = PBXBuildFile; fileRef = 63213B5D273FA01D001FDA5F /* TabBarViewController.swift */; };
		63213B60273FC866001FDA5F /* Utility.swift in Sources */ = {isa = PBXBuildFile; fileRef = 63213B5F273FC866001FDA5F /* Utility.swift */; };
		63213B66273FD1DE001FDA5F /* TabBarItemBase.swift in Sources */ = {isa = PBXBuildFile; fileRef = 63213B65273FD1DE001FDA5F /* TabBarItemBase.swift */; };
		632773A0273FEB2500369189 /* CardCell.swift in Sources */ = {isa = PBXBuildFile; fileRef = 6327739E273FEB2500369189 /* CardCell.swift */; };
		632773A1273FEB2500369189 /* CardCell.xib in Resources */ = {isa = PBXBuildFile; fileRef = 6327739F273FEB2500369189 /* CardCell.xib */; };
		632BB6A6271C342A00DBF54E /* HomeViewController.swift in Sources */ = {isa = PBXBuildFile; fileRef = 632BB6A5271C342A00DBF54E /* HomeViewController.swift */; };
		6373224426DB7FF6003BC9CC /* AppDelegate.swift in Sources */ = {isa = PBXBuildFile; fileRef = 6373224326DB7FF6003BC9CC /* AppDelegate.swift */; };
		6373224826DB7FF6003BC9CC /* ViewController.swift in Sources */ = {isa = PBXBuildFile; fileRef = 6373224726DB7FF6003BC9CC /* ViewController.swift */; };
		6373224B26DB7FF6003BC9CC /* Main.storyboard in Resources */ = {isa = PBXBuildFile; fileRef = 6373224926DB7FF6003BC9CC /* Main.storyboard */; };
		6373224D26DB7FF8003BC9CC /* Assets.xcassets in Resources */ = {isa = PBXBuildFile; fileRef = 6373224C26DB7FF8003BC9CC /* Assets.xcassets */; };
		6373225026DB7FF8003BC9CC /* LaunchScreen.storyboard in Resources */ = {isa = PBXBuildFile; fileRef = 6373224E26DB7FF8003BC9CC /* LaunchScreen.storyboard */; };
		6373225B26DB7FF8003BC9CC /* TripOrTreatTests.swift in Sources */ = {isa = PBXBuildFile; fileRef = 6373225A26DB7FF8003BC9CC /* TripOrTreatTests.swift */; };
		6373226626DB7FF8003BC9CC /* TripOrTreatUITests.swift in Sources */ = {isa = PBXBuildFile; fileRef = 6373226526DB7FF8003BC9CC /* TripOrTreatUITests.swift */; };
/* End PBXBuildFile section */

/* Begin PBXContainerItemProxy section */
		6373225726DB7FF8003BC9CC /* PBXContainerItemProxy */ = {
			isa = PBXContainerItemProxy;
			containerPortal = 6373223826DB7FF6003BC9CC /* Project object */;
			proxyType = 1;
			remoteGlobalIDString = 6373223F26DB7FF6003BC9CC;
			remoteInfo = TripOrTreat;
		};
		6373226226DB7FF8003BC9CC /* PBXContainerItemProxy */ = {
			isa = PBXContainerItemProxy;
			containerPortal = 6373223826DB7FF6003BC9CC /* Project object */;
			proxyType = 1;
			remoteGlobalIDString = 6373223F26DB7FF6003BC9CC;
			remoteInfo = TripOrTreat;
		};
/* End PBXContainerItemProxy section */

/* Begin PBXFileReference section */
		63213B52273F8C52001FDA5F /* SearchViewController.swift */ = {isa = PBXFileReference; lastKnownFileType = sourcecode.swift; path = SearchViewController.swift; sourceTree = "<group>"; };
		63213B54273F8CA7001FDA5F /* AddNewTripViewController.swift */ = {isa = PBXFileReference; lastKnownFileType = sourcecode.swift; path = AddNewTripViewController.swift; sourceTree = "<group>"; };
		63213B56273F8E86001FDA5F /* TrackSpendingViewController.swift */ = {isa = PBXFileReference; lastKnownFileType = sourcecode.swift; path = TrackSpendingViewController.swift; sourceTree = "<group>"; };
		63213B59273F8F41001FDA5F /* SettingViewController.swift */ = {isa = PBXFileReference; lastKnownFileType = sourcecode.swift; path = SettingViewController.swift; sourceTree = "<group>"; };
		63213B5D273FA01D001FDA5F /* TabBarViewController.swift */ = {isa = PBXFileReference; lastKnownFileType = sourcecode.swift; path = TabBarViewController.swift; sourceTree = "<group>"; };
		63213B5F273FC866001FDA5F /* Utility.swift */ = {isa = PBXFileReference; lastKnownFileType = sourcecode.swift; path = Utility.swift; sourceTree = "<group>"; };
		63213B65273FD1DE001FDA5F /* TabBarItemBase.swift */ = {isa = PBXFileReference; lastKnownFileType = sourcecode.swift; path = TabBarItemBase.swift; sourceTree = "<group>"; };
		6327739E273FEB2500369189 /* CardCell.swift */ = {isa = PBXFileReference; lastKnownFileType = sourcecode.swift; path = CardCell.swift; sourceTree = "<group>"; };
		6327739F273FEB2500369189 /* CardCell.xib */ = {isa = PBXFileReference; lastKnownFileType = file.xib; path = CardCell.xib; sourceTree = "<group>"; };
		632BB6A5271C342A00DBF54E /* HomeViewController.swift */ = {isa = PBXFileReference; lastKnownFileType = sourcecode.swift; path = HomeViewController.swift; sourceTree = "<group>"; };
		6373224026DB7FF6003BC9CC /* TripOrTreat.app */ = {isa = PBXFileReference; explicitFileType = wrapper.application; includeInIndex = 0; path = TripOrTreat.app; sourceTree = BUILT_PRODUCTS_DIR; };
		6373224326DB7FF6003BC9CC /* AppDelegate.swift */ = {isa = PBXFileReference; lastKnownFileType = sourcecode.swift; path = AppDelegate.swift; sourceTree = "<group>"; };
		6373224726DB7FF6003BC9CC /* ViewController.swift */ = {isa = PBXFileReference; lastKnownFileType = sourcecode.swift; path = ViewController.swift; sourceTree = "<group>"; };
		6373224A26DB7FF6003BC9CC /* Base */ = {isa = PBXFileReference; lastKnownFileType = file.storyboard; name = Base; path = Base.lproj/Main.storyboard; sourceTree = "<group>"; };
		6373224C26DB7FF8003BC9CC /* Assets.xcassets */ = {isa = PBXFileReference; lastKnownFileType = folder.assetcatalog; path = Assets.xcassets; sourceTree = "<group>"; };
		6373224F26DB7FF8003BC9CC /* Base */ = {isa = PBXFileReference; lastKnownFileType = file.storyboard; name = Base; path = Base.lproj/LaunchScreen.storyboard; sourceTree = "<group>"; };
		6373225126DB7FF8003BC9CC /* Info.plist */ = {isa = PBXFileReference; lastKnownFileType = text.plist.xml; path = Info.plist; sourceTree = "<group>"; };
		6373225626DB7FF8003BC9CC /* TripOrTreatTests.xctest */ = {isa = PBXFileReference; explicitFileType = wrapper.cfbundle; includeInIndex = 0; path = TripOrTreatTests.xctest; sourceTree = BUILT_PRODUCTS_DIR; };
		6373225A26DB7FF8003BC9CC /* TripOrTreatTests.swift */ = {isa = PBXFileReference; lastKnownFileType = sourcecode.swift; path = TripOrTreatTests.swift; sourceTree = "<group>"; };
		6373225C26DB7FF8003BC9CC /* Info.plist */ = {isa = PBXFileReference; lastKnownFileType = text.plist.xml; path = Info.plist; sourceTree = "<group>"; };
		6373226126DB7FF8003BC9CC /* TripOrTreatUITests.xctest */ = {isa = PBXFileReference; explicitFileType = wrapper.cfbundle; includeInIndex = 0; path = TripOrTreatUITests.xctest; sourceTree = BUILT_PRODUCTS_DIR; };
		6373226526DB7FF8003BC9CC /* TripOrTreatUITests.swift */ = {isa = PBXFileReference; lastKnownFileType = sourcecode.swift; path = TripOrTreatUITests.swift; sourceTree = "<group>"; };
		6373226726DB7FF8003BC9CC /* Info.plist */ = {isa = PBXFileReference; lastKnownFileType = text.plist.xml; path = Info.plist; sourceTree = "<group>"; };
/* End PBXFileReference section */

/* Begin PBXFrameworksBuildPhase section */
		6373223D26DB7FF6003BC9CC /* Frameworks */ = {
			isa = PBXFrameworksBuildPhase;
			buildActionMask = 2147483647;
			files = (
			);
			runOnlyForDeploymentPostprocessing = 0;
		};
		6373225326DB7FF8003BC9CC /* Frameworks */ = {
			isa = PBXFrameworksBuildPhase;
			buildActionMask = 2147483647;
			files = (
			);
			runOnlyForDeploymentPostprocessing = 0;
		};
		6373225E26DB7FF8003BC9CC /* Frameworks */ = {
			isa = PBXFrameworksBuildPhase;
			buildActionMask = 2147483647;
			files = (
			);
			runOnlyForDeploymentPostprocessing = 0;
		};
/* End PBXFrameworksBuildPhase section */

/* Begin PBXGroup section */
		63213B58273F8E95001FDA5F /* TabBarControllers */ = {
			isa = PBXGroup;
			children = (
				632BB6A5271C342A00DBF54E /* HomeViewController.swift */,
				63213B52273F8C52001FDA5F /* SearchViewController.swift */,
				63213B54273F8CA7001FDA5F /* AddNewTripViewController.swift */,
				63213B56273F8E86001FDA5F /* TrackSpendingViewController.swift */,
				63213B59273F8F41001FDA5F /* SettingViewController.swift */,
			);
			path = TabBarControllers;
			sourceTree = "<group>";
		};
		63213B67273FD88E001FDA5F /* Model */ = {
			isa = PBXGroup;
			children = (
				63213B65273FD1DE001FDA5F /* TabBarItemBase.swift */,
				63213B5F273FC866001FDA5F /* Utility.swift */,
			);
			path = Model;
			sourceTree = "<group>";
		};
		63213B68273FD8A4001FDA5F /* View */ = {
			isa = PBXGroup;
			children = (
				6327739E273FEB2500369189 /* CardCell.swift */,
				6327739F273FEB2500369189 /* CardCell.xib */,
			);
			path = View;
			sourceTree = "<group>";
		};
		63213B69273FD8B3001FDA5F /* Controller */ = {
			isa = PBXGroup;
			children = (
				6373224726DB7FF6003BC9CC /* ViewController.swift */,
				63213B6A273FD8EB001FDA5F /* TabBar */,
			);
			path = Controller;
			sourceTree = "<group>";
		};
		63213B6A273FD8EB001FDA5F /* TabBar */ = {
			isa = PBXGroup;
			children = (
				63213B5D273FA01D001FDA5F /* TabBarViewController.swift */,
				63213B58273F8E95001FDA5F /* TabBarControllers */,
			);
			path = TabBar;
			sourceTree = "<group>";
		};
		6373223726DB7FF6003BC9CC = {
			isa = PBXGroup;
			children = (
				6373224226DB7FF6003BC9CC /* TripOrTreat */,
				6373225926DB7FF8003BC9CC /* TripOrTreatTests */,
				6373226426DB7FF8003BC9CC /* TripOrTreatUITests */,
				6373224126DB7FF6003BC9CC /* Products */,
			);
			sourceTree = "<group>";
		};
		6373224126DB7FF6003BC9CC /* Products */ = {
			isa = PBXGroup;
			children = (
				6373224026DB7FF6003BC9CC /* TripOrTreat.app */,
				6373225626DB7FF8003BC9CC /* TripOrTreatTests.xctest */,
				6373226126DB7FF8003BC9CC /* TripOrTreatUITests.xctest */,
			);
			name = Products;
			sourceTree = "<group>";
		};
		6373224226DB7FF6003BC9CC /* TripOrTreat */ = {
			isa = PBXGroup;
			children = (
				6373224326DB7FF6003BC9CC /* AppDelegate.swift */,
				63213B69273FD8B3001FDA5F /* Controller */,
				63213B68273FD8A4001FDA5F /* View */,
				63213B67273FD88E001FDA5F /* Model */,
				6373224C26DB7FF8003BC9CC /* Assets.xcassets */,
				6373224E26DB7FF8003BC9CC /* LaunchScreen.storyboard */,
				6373224926DB7FF6003BC9CC /* Main.storyboard */,
				6373225126DB7FF8003BC9CC /* Info.plist */,
			);
			path = TripOrTreat;
			sourceTree = "<group>";
		};
		6373225926DB7FF8003BC9CC /* TripOrTreatTests */ = {
			isa = PBXGroup;
			children = (
				6373225A26DB7FF8003BC9CC /* TripOrTreatTests.swift */,
				6373225C26DB7FF8003BC9CC /* Info.plist */,
			);
			path = TripOrTreatTests;
			sourceTree = "<group>";
		};
		6373226426DB7FF8003BC9CC /* TripOrTreatUITests */ = {
			isa = PBXGroup;
			children = (
				6373226526DB7FF8003BC9CC /* TripOrTreatUITests.swift */,
				6373226726DB7FF8003BC9CC /* Info.plist */,
			);
			path = TripOrTreatUITests;
			sourceTree = "<group>";
		};
/* End PBXGroup section */

/* Begin PBXNativeTarget section */
		6373223F26DB7FF6003BC9CC /* TripOrTreat */ = {
			isa = PBXNativeTarget;
			buildConfigurationList = 6373226A26DB7FF8003BC9CC /* Build configuration list for PBXNativeTarget "TripOrTreat" */;
			buildPhases = (
				6373223C26DB7FF6003BC9CC /* Sources */,
				6373223D26DB7FF6003BC9CC /* Frameworks */,
				6373223E26DB7FF6003BC9CC /* Resources */,
			);
			buildRules = (
			);
			dependencies = (
			);
			name = TripOrTreat;
			productName = TripOrTreat;
			productReference = 6373224026DB7FF6003BC9CC /* TripOrTreat.app */;
			productType = "com.apple.product-type.application";
		};
		6373225526DB7FF8003BC9CC /* TripOrTreatTests */ = {
			isa = PBXNativeTarget;
			buildConfigurationList = 6373226D26DB7FF8003BC9CC /* Build configuration list for PBXNativeTarget "TripOrTreatTests" */;
			buildPhases = (
				6373225226DB7FF8003BC9CC /* Sources */,
				6373225326DB7FF8003BC9CC /* Frameworks */,
				6373225426DB7FF8003BC9CC /* Resources */,
			);
			buildRules = (
			);
			dependencies = (
				6373225826DB7FF8003BC9CC /* PBXTargetDependency */,
			);
			name = TripOrTreatTests;
			productName = TripOrTreatTests;
			productReference = 6373225626DB7FF8003BC9CC /* TripOrTreatTests.xctest */;
			productType = "com.apple.product-type.bundle.unit-test";
		};
		6373226026DB7FF8003BC9CC /* TripOrTreatUITests */ = {
			isa = PBXNativeTarget;
			buildConfigurationList = 6373227026DB7FF8003BC9CC /* Build configuration list for PBXNativeTarget "TripOrTreatUITests" */;
			buildPhases = (
				6373225D26DB7FF8003BC9CC /* Sources */,
				6373225E26DB7FF8003BC9CC /* Frameworks */,
				6373225F26DB7FF8003BC9CC /* Resources */,
			);
			buildRules = (
			);
			dependencies = (
				6373226326DB7FF8003BC9CC /* PBXTargetDependency */,
			);
			name = TripOrTreatUITests;
			productName = TripOrTreatUITests;
			productReference = 6373226126DB7FF8003BC9CC /* TripOrTreatUITests.xctest */;
			productType = "com.apple.product-type.bundle.ui-testing";
		};
/* End PBXNativeTarget section */

/* Begin PBXProject section */
		6373223826DB7FF6003BC9CC /* Project object */ = {
			isa = PBXProject;
			attributes = {
				LastSwiftUpdateCheck = 1250;
				LastUpgradeCheck = 1250;
				TargetAttributes = {
					6373223F26DB7FF6003BC9CC = {
						CreatedOnToolsVersion = 12.5.1;
					};
					6373225526DB7FF8003BC9CC = {
						CreatedOnToolsVersion = 12.5.1;
						TestTargetID = 6373223F26DB7FF6003BC9CC;
					};
					6373226026DB7FF8003BC9CC = {
						CreatedOnToolsVersion = 12.5.1;
						TestTargetID = 6373223F26DB7FF6003BC9CC;
					};
				};
			};
			buildConfigurationList = 6373223B26DB7FF6003BC9CC /* Build configuration list for PBXProject "TripOrTreat" */;
			compatibilityVersion = "Xcode 9.3";
			developmentRegion = en;
			hasScannedForEncodings = 0;
			knownRegions = (
				en,
				Base,
			);
			mainGroup = 6373223726DB7FF6003BC9CC;
			productRefGroup = 6373224126DB7FF6003BC9CC /* Products */;
			projectDirPath = "";
			projectRoot = "";
			targets = (
				6373223F26DB7FF6003BC9CC /* TripOrTreat */,
				6373225526DB7FF8003BC9CC /* TripOrTreatTests */,
				6373226026DB7FF8003BC9CC /* TripOrTreatUITests */,
			);
		};
/* End PBXProject section */

/* Begin PBXResourcesBuildPhase section */
		6373223E26DB7FF6003BC9CC /* Resources */ = {
			isa = PBXResourcesBuildPhase;
			buildActionMask = 2147483647;
			files = (
				6373225026DB7FF8003BC9CC /* LaunchScreen.storyboard in Resources */,
				6373224D26DB7FF8003BC9CC /* Assets.xcassets in Resources */,
				6373224B26DB7FF6003BC9CC /* Main.storyboard in Resources */,
				632773A1273FEB2500369189 /* CardCell.xib in Resources */,
			);
			runOnlyForDeploymentPostprocessing = 0;
		};
		6373225426DB7FF8003BC9CC /* Resources */ = {
			isa = PBXResourcesBuildPhase;
			buildActionMask = 2147483647;
			files = (
			);
			runOnlyForDeploymentPostprocessing = 0;
		};
		6373225F26DB7FF8003BC9CC /* Resources */ = {
			isa = PBXResourcesBuildPhase;
			buildActionMask = 2147483647;
			files = (
			);
			runOnlyForDeploymentPostprocessing = 0;
		};
/* End PBXResourcesBuildPhase section */

/* Begin PBXSourcesBuildPhase section */
		6373223C26DB7FF6003BC9CC /* Sources */ = {
			isa = PBXSourcesBuildPhase;
			buildActionMask = 2147483647;
			files = (
				63213B5E273FA01D001FDA5F /* TabBarViewController.swift in Sources */,
				63213B57273F8E86001FDA5F /* TrackSpendingViewController.swift in Sources */,
				63213B60273FC866001FDA5F /* Utility.swift in Sources */,
				6373224826DB7FF6003BC9CC /* ViewController.swift in Sources */,
				6373224426DB7FF6003BC9CC /* AppDelegate.swift in Sources */,
				63213B53273F8C52001FDA5F /* SearchViewController.swift in Sources */,
				63213B55273F8CA7001FDA5F /* AddNewTripViewController.swift in Sources */,
				632773A0273FEB2500369189 /* CardCell.swift in Sources */,
				63213B5A273F8F41001FDA5F /* SettingViewController.swift in Sources */,
				632BB6A6271C342A00DBF54E /* HomeViewController.swift in Sources */,
				63213B66273FD1DE001FDA5F /* TabBarItemBase.swift in Sources */,
			);
			runOnlyForDeploymentPostprocessing = 0;
		};
		6373225226DB7FF8003BC9CC /* Sources */ = {
			isa = PBXSourcesBuildPhase;
			buildActionMask = 2147483647;
			files = (
				6373225B26DB7FF8003BC9CC /* TripOrTreatTests.swift in Sources */,
			);
			runOnlyForDeploymentPostprocessing = 0;
		};
		6373225D26DB7FF8003BC9CC /* Sources */ = {
			isa = PBXSourcesBuildPhase;
			buildActionMask = 2147483647;
			files = (
				6373226626DB7FF8003BC9CC /* TripOrTreatUITests.swift in Sources */,
			);
			runOnlyForDeploymentPostprocessing = 0;
		};
/* End PBXSourcesBuildPhase section */

/* Begin PBXTargetDependency section */
		6373225826DB7FF8003BC9CC /* PBXTargetDependency */ = {
			isa = PBXTargetDependency;
			target = 6373223F26DB7FF6003BC9CC /* TripOrTreat */;
			targetProxy = 6373225726DB7FF8003BC9CC /* PBXContainerItemProxy */;
		};
		6373226326DB7FF8003BC9CC /* PBXTargetDependency */ = {
			isa = PBXTargetDependency;
			target = 6373223F26DB7FF6003BC9CC /* TripOrTreat */;
			targetProxy = 6373226226DB7FF8003BC9CC /* PBXContainerItemProxy */;
		};
/* End PBXTargetDependency section */

/* Begin PBXVariantGroup section */
		6373224926DB7FF6003BC9CC /* Main.storyboard */ = {
			isa = PBXVariantGroup;
			children = (
				6373224A26DB7FF6003BC9CC /* Base */,
			);
			name = Main.storyboard;
			sourceTree = "<group>";
		};
		6373224E26DB7FF8003BC9CC /* LaunchScreen.storyboard */ = {
			isa = PBXVariantGroup;
			children = (
				6373224F26DB7FF8003BC9CC /* Base */,
			);
			name = LaunchScreen.storyboard;
			sourceTree = "<group>";
		};
/* End PBXVariantGroup section */

/* Begin XCBuildConfiguration section */
		6373226826DB7FF8003BC9CC /* Debug */ = {
			isa = XCBuildConfiguration;
			buildSettings = {
				ALWAYS_SEARCH_USER_PATHS = NO;
				CLANG_ANALYZER_NONNULL = YES;
				CLANG_ANALYZER_NUMBER_OBJECT_CONVERSION = YES_AGGRESSIVE;
				CLANG_CXX_LANGUAGE_STANDARD = "gnu++14";
				CLANG_CXX_LIBRARY = "libc++";
				CLANG_ENABLE_MODULES = YES;
				CLANG_ENABLE_OBJC_ARC = YES;
				CLANG_ENABLE_OBJC_WEAK = YES;
				CLANG_WARN_BLOCK_CAPTURE_AUTORELEASING = YES;
				CLANG_WARN_BOOL_CONVERSION = YES;
				CLANG_WARN_COMMA = YES;
				CLANG_WARN_CONSTANT_CONVERSION = YES;
				CLANG_WARN_DEPRECATED_OBJC_IMPLEMENTATIONS = YES;
				CLANG_WARN_DIRECT_OBJC_ISA_USAGE = YES_ERROR;
				CLANG_WARN_DOCUMENTATION_COMMENTS = YES;
				CLANG_WARN_EMPTY_BODY = YES;
				CLANG_WARN_ENUM_CONVERSION = YES;
				CLANG_WARN_INFINITE_RECURSION = YES;
				CLANG_WARN_INT_CONVERSION = YES;
				CLANG_WARN_NON_LITERAL_NULL_CONVERSION = YES;
				CLANG_WARN_OBJC_IMPLICIT_RETAIN_SELF = YES;
				CLANG_WARN_OBJC_LITERAL_CONVERSION = YES;
				CLANG_WARN_OBJC_ROOT_CLASS = YES_ERROR;
				CLANG_WARN_QUOTED_INCLUDE_IN_FRAMEWORK_HEADER = YES;
				CLANG_WARN_RANGE_LOOP_ANALYSIS = YES;
				CLANG_WARN_STRICT_PROTOTYPES = YES;
				CLANG_WARN_SUSPICIOUS_MOVE = YES;
				CLANG_WARN_UNGUARDED_AVAILABILITY = YES_AGGRESSIVE;
				CLANG_WARN_UNREACHABLE_CODE = YES;
				CLANG_WARN__DUPLICATE_METHOD_MATCH = YES;
				COPY_PHASE_STRIP = NO;
				DEBUG_INFORMATION_FORMAT = dwarf;
				ENABLE_STRICT_OBJC_MSGSEND = YES;
				ENABLE_TESTABILITY = YES;
				GCC_C_LANGUAGE_STANDARD = gnu11;
				GCC_DYNAMIC_NO_PIC = NO;
				GCC_NO_COMMON_BLOCKS = YES;
				GCC_OPTIMIZATION_LEVEL = 0;
				GCC_PREPROCESSOR_DEFINITIONS = (
					"DEBUG=1",
					"$(inherited)",
				);
				GCC_WARN_64_TO_32_BIT_CONVERSION = YES;
				GCC_WARN_ABOUT_RETURN_TYPE = YES_ERROR;
				GCC_WARN_UNDECLARED_SELECTOR = YES;
				GCC_WARN_UNINITIALIZED_AUTOS = YES_AGGRESSIVE;
				GCC_WARN_UNUSED_FUNCTION = YES;
				GCC_WARN_UNUSED_VARIABLE = YES;
				IPHONEOS_DEPLOYMENT_TARGET = 14.5;
				MTL_ENABLE_DEBUG_INFO = INCLUDE_SOURCE;
				MTL_FAST_MATH = YES;
				ONLY_ACTIVE_ARCH = YES;
				SDKROOT = iphoneos;
				SWIFT_ACTIVE_COMPILATION_CONDITIONS = DEBUG;
				SWIFT_OPTIMIZATION_LEVEL = "-Onone";
			};
			name = Debug;
		};
		6373226926DB7FF8003BC9CC /* Release */ = {
			isa = XCBuildConfiguration;
			buildSettings = {
				ALWAYS_SEARCH_USER_PATHS = NO;
				CLANG_ANALYZER_NONNULL = YES;
				CLANG_ANALYZER_NUMBER_OBJECT_CONVERSION = YES_AGGRESSIVE;
				CLANG_CXX_LANGUAGE_STANDARD = "gnu++14";
				CLANG_CXX_LIBRARY = "libc++";
				CLANG_ENABLE_MODULES = YES;
				CLANG_ENABLE_OBJC_ARC = YES;
				CLANG_ENABLE_OBJC_WEAK = YES;
				CLANG_WARN_BLOCK_CAPTURE_AUTORELEASING = YES;
				CLANG_WARN_BOOL_CONVERSION = YES;
				CLANG_WARN_COMMA = YES;
				CLANG_WARN_CONSTANT_CONVERSION = YES;
				CLANG_WARN_DEPRECATED_OBJC_IMPLEMENTATIONS = YES;
				CLANG_WARN_DIRECT_OBJC_ISA_USAGE = YES_ERROR;
				CLANG_WARN_DOCUMENTATION_COMMENTS = YES;
				CLANG_WARN_EMPTY_BODY = YES;
				CLANG_WARN_ENUM_CONVERSION = YES;
				CLANG_WARN_INFINITE_RECURSION = YES;
				CLANG_WARN_INT_CONVERSION = YES;
				CLANG_WARN_NON_LITERAL_NULL_CONVERSION = YES;
				CLANG_WARN_OBJC_IMPLICIT_RETAIN_SELF = YES;
				CLANG_WARN_OBJC_LITERAL_CONVERSION = YES;
				CLANG_WARN_OBJC_ROOT_CLASS = YES_ERROR;
				CLANG_WARN_QUOTED_INCLUDE_IN_FRAMEWORK_HEADER = YES;
				CLANG_WARN_RANGE_LOOP_ANALYSIS = YES;
				CLANG_WARN_STRICT_PROTOTYPES = YES;
				CLANG_WARN_SUSPICIOUS_MOVE = YES;
				CLANG_WARN_UNGUARDED_AVAILABILITY = YES_AGGRESSIVE;
				CLANG_WARN_UNREACHABLE_CODE = YES;
				CLANG_WARN__DUPLICATE_METHOD_MATCH = YES;
				COPY_PHASE_STRIP = NO;
				DEBUG_INFORMATION_FORMAT = "dwarf-with-dsym";
				ENABLE_NS_ASSERTIONS = NO;
				ENABLE_STRICT_OBJC_MSGSEND = YES;
				GCC_C_LANGUAGE_STANDARD = gnu11;
				GCC_NO_COMMON_BLOCKS = YES;
				GCC_WARN_64_TO_32_BIT_CONVERSION = YES;
				GCC_WARN_ABOUT_RETURN_TYPE = YES_ERROR;
				GCC_WARN_UNDECLARED_SELECTOR = YES;
				GCC_WARN_UNINITIALIZED_AUTOS = YES_AGGRESSIVE;
				GCC_WARN_UNUSED_FUNCTION = YES;
				GCC_WARN_UNUSED_VARIABLE = YES;
				IPHONEOS_DEPLOYMENT_TARGET = 14.5;
				MTL_ENABLE_DEBUG_INFO = NO;
				MTL_FAST_MATH = YES;
				SDKROOT = iphoneos;
				SWIFT_COMPILATION_MODE = wholemodule;
				SWIFT_OPTIMIZATION_LEVEL = "-O";
				VALIDATE_PRODUCT = YES;
			};
			name = Release;
		};
		6373226B26DB7FF8003BC9CC /* Debug */ = {
			isa = XCBuildConfiguration;
			buildSettings = {
				ASSETCATALOG_COMPILER_APPICON_NAME = AppIcon;
				ASSETCATALOG_COMPILER_GLOBAL_ACCENT_COLOR_NAME = AccentColor;
				CODE_SIGN_STYLE = Automatic;
				DEVELOPMENT_TEAM = SR5XY6GS9Q;
				INFOPLIST_FILE = TripOrTreat/Info.plist;
				LD_RUNPATH_SEARCH_PATHS = (
					"$(inherited)",
					"@executable_path/Frameworks",
				);
				PRODUCT_BUNDLE_IDENTIFIER = ellen.TripOrTreat;
				PRODUCT_NAME = "$(TARGET_NAME)";
				SWIFT_VERSION = 5.0;
				TARGETED_DEVICE_FAMILY = "1,2";
			};
			name = Debug;
		};
		6373226C26DB7FF8003BC9CC /* Release */ = {
			isa = XCBuildConfiguration;
			buildSettings = {
				ASSETCATALOG_COMPILER_APPICON_NAME = AppIcon;
				ASSETCATALOG_COMPILER_GLOBAL_ACCENT_COLOR_NAME = AccentColor;
				CODE_SIGN_STYLE = Automatic;
				DEVELOPMENT_TEAM = SR5XY6GS9Q;
				INFOPLIST_FILE = TripOrTreat/Info.plist;
				LD_RUNPATH_SEARCH_PATHS = (
					"$(inherited)",
					"@executable_path/Frameworks",
				);
				PRODUCT_BUNDLE_IDENTIFIER = ellen.TripOrTreat;
				PRODUCT_NAME = "$(TARGET_NAME)";
				SWIFT_VERSION = 5.0;
				TARGETED_DEVICE_FAMILY = "1,2";
			};
			name = Release;
		};
		6373226E26DB7FF8003BC9CC /* Debug */ = {
			isa = XCBuildConfiguration;
			buildSettings = {
				ALWAYS_EMBED_SWIFT_STANDARD_LIBRARIES = YES;
				BUNDLE_LOADER = "$(TEST_HOST)";
				CODE_SIGN_STYLE = Automatic;
				DEVELOPMENT_TEAM = SR5XY6GS9Q;
				INFOPLIST_FILE = TripOrTreatTests/Info.plist;
				IPHONEOS_DEPLOYMENT_TARGET = 14.5;
				LD_RUNPATH_SEARCH_PATHS = (
					"$(inherited)",
					"@executable_path/Frameworks",
					"@loader_path/Frameworks",
				);
				PRODUCT_BUNDLE_IDENTIFIER = ellen.TripOrTreatTests;
				PRODUCT_NAME = "$(TARGET_NAME)";
				SWIFT_VERSION = 5.0;
				TARGETED_DEVICE_FAMILY = "1,2";
				TEST_HOST = "$(BUILT_PRODUCTS_DIR)/TripOrTreat.app/TripOrTreat";
			};
			name = Debug;
		};
		6373226F26DB7FF8003BC9CC /* Release */ = {
			isa = XCBuildConfiguration;
			buildSettings = {
				ALWAYS_EMBED_SWIFT_STANDARD_LIBRARIES = YES;
				BUNDLE_LOADER = "$(TEST_HOST)";
				CODE_SIGN_STYLE = Automatic;
				DEVELOPMENT_TEAM = SR5XY6GS9Q;
				INFOPLIST_FILE = TripOrTreatTests/Info.plist;
				IPHONEOS_DEPLOYMENT_TARGET = 14.5;
				LD_RUNPATH_SEARCH_PATHS = (
					"$(inherited)",
					"@executable_path/Frameworks",
					"@loader_path/Frameworks",
				);
				PRODUCT_BUNDLE_IDENTIFIER = ellen.TripOrTreatTests;
				PRODUCT_NAME = "$(TARGET_NAME)";
				SWIFT_VERSION = 5.0;
				TARGETED_DEVICE_FAMILY = "1,2";
				TEST_HOST = "$(BUILT_PRODUCTS_DIR)/TripOrTreat.app/TripOrTreat";
			};
			name = Release;
		};
		6373227126DB7FF8003BC9CC /* Debug */ = {
			isa = XCBuildConfiguration;
			buildSettings = {
				ALWAYS_EMBED_SWIFT_STANDARD_LIBRARIES = YES;
				CODE_SIGN_STYLE = Automatic;
				DEVELOPMENT_TEAM = SR5XY6GS9Q;
				INFOPLIST_FILE = TripOrTreatUITests/Info.plist;
				LD_RUNPATH_SEARCH_PATHS = (
					"$(inherited)",
					"@executable_path/Frameworks",
					"@loader_path/Frameworks",
				);
				PRODUCT_BUNDLE_IDENTIFIER = ellen.TripOrTreatUITests;
				PRODUCT_NAME = "$(TARGET_NAME)";
				SWIFT_VERSION = 5.0;
				TARGETED_DEVICE_FAMILY = "1,2";
				TEST_TARGET_NAME = TripOrTreat;
			};
			name = Debug;
		};
		6373227226DB7FF8003BC9CC /* Release */ = {
			isa = XCBuildConfiguration;
			buildSettings = {
				ALWAYS_EMBED_SWIFT_STANDARD_LIBRARIES = YES;
				CODE_SIGN_STYLE = Automatic;
				DEVELOPMENT_TEAM = SR5XY6GS9Q;
				INFOPLIST_FILE = TripOrTreatUITests/Info.plist;
				LD_RUNPATH_SEARCH_PATHS = (
					"$(inherited)",
					"@executable_path/Frameworks",
					"@loader_path/Frameworks",
				);
				PRODUCT_BUNDLE_IDENTIFIER = ellen.TripOrTreatUITests;
				PRODUCT_NAME = "$(TARGET_NAME)";
				SWIFT_VERSION = 5.0;
				TARGETED_DEVICE_FAMILY = "1,2";
				TEST_TARGET_NAME = TripOrTreat;
			};
			name = Release;
		};
/* End XCBuildConfiguration section */

/* Begin XCConfigurationList section */
		6373223B26DB7FF6003BC9CC /* Build configuration list for PBXProject "TripOrTreat" */ = {
			isa = XCConfigurationList;
			buildConfigurations = (
				6373226826DB7FF8003BC9CC /* Debug */,
				6373226926DB7FF8003BC9CC /* Release */,
			);
			defaultConfigurationIsVisible = 0;
			defaultConfigurationName = Release;
		};
		6373226A26DB7FF8003BC9CC /* Build configuration list for PBXNativeTarget "TripOrTreat" */ = {
			isa = XCConfigurationList;
			buildConfigurations = (
				6373226B26DB7FF8003BC9CC /* Debug */,
				6373226C26DB7FF8003BC9CC /* Release */,
			);
			defaultConfigurationIsVisible = 0;
			defaultConfigurationName = Release;
		};
		6373226D26DB7FF8003BC9CC /* Build configuration list for PBXNativeTarget "TripOrTreatTests" */ = {
			isa = XCConfigurationList;
			buildConfigurations = (
				6373226E26DB7FF8003BC9CC /* Debug */,
				6373226F26DB7FF8003BC9CC /* Release */,
			);
			defaultConfigurationIsVisible = 0;
			defaultConfigurationName = Release;
		};
		6373227026DB7FF8003BC9CC /* Build configuration list for PBXNativeTarget "TripOrTreatUITests" */ = {
			isa = XCConfigurationList;
			buildConfigurations = (
				6373227126DB7FF8003BC9CC /* Debug */,
				6373227226DB7FF8003BC9CC /* Release */,
			);
			defaultConfigurationIsVisible = 0;
			defaultConfigurationName = Release;
		};
/* End XCConfigurationList section */
	};
	rootObject = 6373223826DB7FF6003BC9CC /* Project object */;
}
